
Microsoft Visual Studio Solution File, Format Version 12.00
# Visual Studio Version 17
VisualStudioVersion = 17.4.33403.182
MinimumVisualStudioVersion = 10.0.40219.1
Project("{FAE04EC0-301F-11D3-BF4B-00C04F79EFBC}") = "Homework Model me this - Football", "Homework Model me this - Football\Homework Model me this - Football.csproj", "{035716D2-0718-45E7-8224-0365C9157BD2}"
EndProject
Global
	GlobalSection(SolutionConfigurationPlatforms) = preSolution
		Debug|Any CPU = Debug|Any CPU
		Release|Any CPU = Release|Any CPU
	EndGlobalSection
	GlobalSection(ProjectConfigurationPlatforms) = postSolution
		{035716D2-0718-45E7-8224-0365C9157BD2}.Debug|Any CPU.ActiveCfg = Debug|Any CPU
		{035716D2-0718-45E7-8224-0365C9157BD2}.Debug|Any CPU.Build.0 = Debug|Any CPU
		{035716D2-0718-45E7-8224-0365C9157BD2}.Release|Any CPU.ActiveCfg = Release|Any CPU
		{035716D2-0718-45E7-8224-0365C9157BD2}.Release|Any CPU.Build.0 = Release|Any CPU
	EndGlobalSection
	GlobalSection(SolutionProperties) = preSolution
		HideSolutionNode = FALSE
	EndGlobalSection
	GlobalSection(ExtensibilityGlobals) = postSolution
		SolutionGuid = {A9D07D63-0677-49E6-874F-C54F55EBDB49}
	EndGlobalSection
EndGlobal
